// !$*UTF8*$!
{
	archiveVersion = 1;
	classes = {
	};
	objectVersion = 56;
	objects = {

/* Begin PBXBuildFile section */
		233150BD29D89FCD00BA22F1 /* Main.storyboard in Resources */ = {isa = PBXBuildFile; fileRef = 233150BC29D89FCD00BA22F1 /* Main.storyboard */; };
		233150C029D8A5D100BA22F1 /* ResultView.swift in Sources */ = {isa = PBXBuildFile; fileRef = 233150BF29D8A5D100BA22F1 /* ResultView.swift */; };
		236D998F29D4FF30005964FE /* MemoryView.swift in Sources */ = {isa = PBXBuildFile; fileRef = 236D998E29D4FF30005964FE /* MemoryView.swift */; };
		23A6C69129D841C800DE2380 /* ResultView.xib in Resources */ = {isa = PBXBuildFile; fileRef = 23A6C69029D841C800DE2380 /* ResultView.xib */; };
		23A6C69529D86DB700DE2380 /* BezierCurves.swift in Sources */ = {isa = PBXBuildFile; fileRef = 23A6C69429D86DB700DE2380 /* BezierCurves.swift */; };
		23B4248C29D4BBF000805872 /* AppDelegate.swift in Sources */ = {isa = PBXBuildFile; fileRef = 23B4248B29D4BBF000805872 /* AppDelegate.swift */; };
		23B4248E29D4BBF000805872 /* SceneDelegate.swift in Sources */ = {isa = PBXBuildFile; fileRef = 23B4248D29D4BBF000805872 /* SceneDelegate.swift */; };
		23B4249029D4BBF000805872 /* CleanerViewController.swift in Sources */ = {isa = PBXBuildFile; fileRef = 23B4248F29D4BBF000805872 /* CleanerViewController.swift */; };
		23B4249529D4BBF300805872 /* Assets.xcassets in Resources */ = {isa = PBXBuildFile; fileRef = 23B4249429D4BBF300805872 /* Assets.xcassets */; };
		23B4249829D4BBF300805872 /* LaunchScreen.storyboard in Resources */ = {isa = PBXBuildFile; fileRef = 23B4249629D4BBF300805872 /* LaunchScreen.storyboard */; };
		23B424B229D4DC3400805872 /* Roboto-Medium.ttf in Resources */ = {isa = PBXBuildFile; fileRef = 23B424A529D4DC3400805872 /* Roboto-Medium.ttf */; };
		23B424B329D4DC3400805872 /* Roboto-Light.ttf in Resources */ = {isa = PBXBuildFile; fileRef = 23B424A629D4DC3400805872 /* Roboto-Light.ttf */; };
		23B424B429D4DC3400805872 /* Roboto-Regular.ttf in Resources */ = {isa = PBXBuildFile; fileRef = 23B424A729D4DC3400805872 /* Roboto-Regular.ttf */; };
		23B424B529D4DC3400805872 /* Roboto-MediumItalic.ttf in Resources */ = {isa = PBXBuildFile; fileRef = 23B424A829D4DC3400805872 /* Roboto-MediumItalic.ttf */; };
		23B424B629D4DC3400805872 /* Roboto-ThinItalic.ttf in Resources */ = {isa = PBXBuildFile; fileRef = 23B424A929D4DC3400805872 /* Roboto-ThinItalic.ttf */; };
		23B424B729D4DC3400805872 /* Roboto-BoldItalic.ttf in Resources */ = {isa = PBXBuildFile; fileRef = 23B424AA29D4DC3400805872 /* Roboto-BoldItalic.ttf */; };
		23B424B829D4DC3400805872 /* Roboto-LightItalic.ttf in Resources */ = {isa = PBXBuildFile; fileRef = 23B424AB29D4DC3400805872 /* Roboto-LightItalic.ttf */; };
		23B424B929D4DC3400805872 /* Roboto-Italic.ttf in Resources */ = {isa = PBXBuildFile; fileRef = 23B424AC29D4DC3400805872 /* Roboto-Italic.ttf */; };
		23B424BA29D4DC3400805872 /* LICENSE.txt in Resources */ = {isa = PBXBuildFile; fileRef = 23B424AD29D4DC3400805872 /* LICENSE.txt */; };
		23B424BB29D4DC3400805872 /* Roboto-BlackItalic.ttf in Resources */ = {isa = PBXBuildFile; fileRef = 23B424AE29D4DC3400805872 /* Roboto-BlackItalic.ttf */; };
		23B424BC29D4DC3400805872 /* Roboto-Bold.ttf in Resources */ = {isa = PBXBuildFile; fileRef = 23B424AF29D4DC3400805872 /* Roboto-Bold.ttf */; };
		23B424BD29D4DC3400805872 /* Roboto-Thin.ttf in Resources */ = {isa = PBXBuildFile; fileRef = 23B424B029D4DC3400805872 /* Roboto-Thin.ttf */; };
		23B424BE29D4DC3400805872 /* Roboto-Black.ttf in Resources */ = {isa = PBXBuildFile; fileRef = 23B424B129D4DC3400805872 /* Roboto-Black.ttf */; };
		23D6046729D503E100B165AC /* MemoryView.xib in Resources */ = {isa = PBXBuildFile; fileRef = 23D6046629D503E100B165AC /* MemoryView.xib */; };
/* End PBXBuildFile section */

/* Begin PBXFileReference section */
		233150BC29D89FCD00BA22F1 /* Main.storyboard */ = {isa = PBXFileReference; fileEncoding = 4; lastKnownFileType = file.storyboard; path = Main.storyboard; sourceTree = "<group>"; };
		233150BF29D8A5D100BA22F1 /* ResultView.swift */ = {isa = PBXFileReference; lastKnownFileType = sourcecode.swift; path = ResultView.swift; sourceTree = "<group>"; };
		236D998E29D4FF30005964FE /* MemoryView.swift */ = {isa = PBXFileReference; lastKnownFileType = sourcecode.swift; path = MemoryView.swift; sourceTree = "<group>"; };
		23A6C69029D841C800DE2380 /* ResultView.xib */ = {isa = PBXFileReference; lastKnownFileType = file.xib; path = ResultView.xib; sourceTree = "<group>"; };
		23A6C69429D86DB700DE2380 /* BezierCurves.swift */ = {isa = PBXFileReference; lastKnownFileType = sourcecode.swift; path = BezierCurves.swift; sourceTree = "<group>"; };
		23B4248829D4BBF000805872 /* Cleaner Test App.app */ = {isa = PBXFileReference; explicitFileType = wrapper.application; includeInIndex = 0; path = "Cleaner Test App.app"; sourceTree = BUILT_PRODUCTS_DIR; };
		23B4248B29D4BBF000805872 /* AppDelegate.swift */ = {isa = PBXFileReference; lastKnownFileType = sourcecode.swift; path = AppDelegate.swift; sourceTree = "<group>"; };
		23B4248D29D4BBF000805872 /* SceneDelegate.swift */ = {isa = PBXFileReference; lastKnownFileType = sourcecode.swift; path = SceneDelegate.swift; sourceTree = "<group>"; };
		23B4248F29D4BBF000805872 /* CleanerViewController.swift */ = {isa = PBXFileReference; lastKnownFileType = sourcecode.swift; path = CleanerViewController.swift; sourceTree = "<group>"; };
		23B4249429D4BBF300805872 /* Assets.xcassets */ = {isa = PBXFileReference; lastKnownFileType = folder.assetcatalog; path = Assets.xcassets; sourceTree = "<group>"; };
		23B4249729D4BBF300805872 /* Base */ = {isa = PBXFileReference; lastKnownFileType = file.storyboard; name = Base; path = Base.lproj/LaunchScreen.storyboard; sourceTree = "<group>"; };
		23B4249929D4BBF300805872 /* Info.plist */ = {isa = PBXFileReference; lastKnownFileType = text.plist.xml; path = Info.plist; sourceTree = "<group>"; };
		23B424A529D4DC3400805872 /* Roboto-Medium.ttf */ = {isa = PBXFileReference; lastKnownFileType = file; path = "Roboto-Medium.ttf"; sourceTree = "<group>"; };
		23B424A629D4DC3400805872 /* Roboto-Light.ttf */ = {isa = PBXFileReference; lastKnownFileType = file; path = "Roboto-Light.ttf"; sourceTree = "<group>"; };
		23B424A729D4DC3400805872 /* Roboto-Regular.ttf */ = {isa = PBXFileReference; lastKnownFileType = file; path = "Roboto-Regular.ttf"; sourceTree = "<group>"; };
		23B424A829D4DC3400805872 /* Roboto-MediumItalic.ttf */ = {isa = PBXFileReference; lastKnownFileType = file; path = "Roboto-MediumItalic.ttf"; sourceTree = "<group>"; };
		23B424A929D4DC3400805872 /* Roboto-ThinItalic.ttf */ = {isa = PBXFileReference; lastKnownFileType = file; path = "Roboto-ThinItalic.ttf"; sourceTree = "<group>"; };
		23B424AA29D4DC3400805872 /* Roboto-BoldItalic.ttf */ = {isa = PBXFileReference; lastKnownFileType = file; path = "Roboto-BoldItalic.ttf"; sourceTree = "<group>"; };
		23B424AB29D4DC3400805872 /* Roboto-LightItalic.ttf */ = {isa = PBXFileReference; lastKnownFileType = file; path = "Roboto-LightItalic.ttf"; sourceTree = "<group>"; };
		23B424AC29D4DC3400805872 /* Roboto-Italic.ttf */ = {isa = PBXFileReference; lastKnownFileType = file; path = "Roboto-Italic.ttf"; sourceTree = "<group>"; };
		23B424AD29D4DC3400805872 /* LICENSE.txt */ = {isa = PBXFileReference; fileEncoding = 4; lastKnownFileType = text; path = LICENSE.txt; sourceTree = "<group>"; };
		23B424AE29D4DC3400805872 /* Roboto-BlackItalic.ttf */ = {isa = PBXFileReference; lastKnownFileType = file; path = "Roboto-BlackItalic.ttf"; sourceTree = "<group>"; };
		23B424AF29D4DC3400805872 /* Roboto-Bold.ttf */ = {isa = PBXFileReference; lastKnownFileType = file; path = "Roboto-Bold.ttf"; sourceTree = "<group>"; };
		23B424B029D4DC3400805872 /* Roboto-Thin.ttf */ = {isa = PBXFileReference; lastKnownFileType = file; path = "Roboto-Thin.ttf"; sourceTree = "<group>"; };
		23B424B129D4DC3400805872 /* Roboto-Black.ttf */ = {isa = PBXFileReference; lastKnownFileType = file; path = "Roboto-Black.ttf"; sourceTree = "<group>"; };
		23D6046629D503E100B165AC /* MemoryView.xib */ = {isa = PBXFileReference; lastKnownFileType = file.xib; path = MemoryView.xib; sourceTree = "<group>"; };
/* End PBXFileReference section */

/* Begin PBXFrameworksBuildPhase section */
		23B4248529D4BBF000805872 /* Frameworks */ = {
			isa = PBXFrameworksBuildPhase;
			buildActionMask = 2147483647;
			files = (
			);
			runOnlyForDeploymentPostprocessing = 0;
		};
/* End PBXFrameworksBuildPhase section */

/* Begin PBXGroup section */
		233150BE29D8A00300BA22F1 /* Aplication */ = {
			isa = PBXGroup;
			children = (
				23B4248B29D4BBF000805872 /* AppDelegate.swift */,
				23B4248D29D4BBF000805872 /* SceneDelegate.swift */,
			);
			path = Aplication;
			sourceTree = "<group>";
		};
		23578CB629D626F300F0DE9A /* Resources */ = {
			isa = PBXGroup;
			children = (
				23B424BF29D4DC3A00805872 /* Fonts */,
				23B4249429D4BBF300805872 /* Assets.xcassets */,
			);
			path = Resources;
			sourceTree = "<group>";
		};
		23578CB729D6271500F0DE9A /* View */ = {
			isa = PBXGroup;
			children = (
				233150BC29D89FCD00BA22F1 /* Main.storyboard */,
				23D6046629D503E100B165AC /* MemoryView.xib */,
				236D998E29D4FF30005964FE /* MemoryView.swift */,
				23A6C69429D86DB700DE2380 /* BezierCurves.swift */,
				23A6C69029D841C800DE2380 /* ResultView.xib */,
				233150BF29D8A5D100BA22F1 /* ResultView.swift */,
			);
			path = View;
			sourceTree = "<group>";
		};
		23B4247F29D4BBF000805872 = {
			isa = PBXGroup;
			children = (
				23B4248A29D4BBF000805872 /* Cleaner Test App */,
				23B4248929D4BBF000805872 /* Products */,
			);
			sourceTree = "<group>";
		};
		23B4248929D4BBF000805872 /* Products */ = {
			isa = PBXGroup;
			children = (
				23B4248829D4BBF000805872 /* Cleaner Test App.app */,
			);
			name = Products;
			sourceTree = "<group>";
		};
		23B4248A29D4BBF000805872 /* Cleaner Test App */ = {
			isa = PBXGroup;
			children = (
				233150BE29D8A00300BA22F1 /* Aplication */,
				23B4248F29D4BBF000805872 /* CleanerViewController.swift */,
				23578CB729D6271500F0DE9A /* View */,
				23B4249629D4BBF300805872 /* LaunchScreen.storyboard */,
				23B4249929D4BBF300805872 /* Info.plist */,
				23578CB629D626F300F0DE9A /* Resources */,
			);
			path = "Cleaner Test App";
			sourceTree = "<group>";
		};
		23B424A429D4DC3400805872 /* Roboto */ = {
			isa = PBXGroup;
			children = (
				23B424A529D4DC3400805872 /* Roboto-Medium.ttf */,
				23B424A629D4DC3400805872 /* Roboto-Light.ttf */,
				23B424A729D4DC3400805872 /* Roboto-Regular.ttf */,
				23B424A829D4DC3400805872 /* Roboto-MediumItalic.ttf */,
				23B424A929D4DC3400805872 /* Roboto-ThinItalic.ttf */,
				23B424AA29D4DC3400805872 /* Roboto-BoldItalic.ttf */,
				23B424AB29D4DC3400805872 /* Roboto-LightItalic.ttf */,
				23B424AC29D4DC3400805872 /* Roboto-Italic.ttf */,
				23B424AD29D4DC3400805872 /* LICENSE.txt */,
				23B424AE29D4DC3400805872 /* Roboto-BlackItalic.ttf */,
				23B424AF29D4DC3400805872 /* Roboto-Bold.ttf */,
				23B424B029D4DC3400805872 /* Roboto-Thin.ttf */,
				23B424B129D4DC3400805872 /* Roboto-Black.ttf */,
			);
			path = Roboto;
			sourceTree = "<group>";
		};
		23B424BF29D4DC3A00805872 /* Fonts */ = {
			isa = PBXGroup;
			children = (
				23B424A429D4DC3400805872 /* Roboto */,
			);
			path = Fonts;
			sourceTree = "<group>";
		};
/* End PBXGroup section */

/* Begin PBXNativeTarget section */
		23B4248729D4BBF000805872 /* Cleaner Test App */ = {
			isa = PBXNativeTarget;
			buildConfigurationList = 23B4249C29D4BBF300805872 /* Build configuration list for PBXNativeTarget "Cleaner Test App" */;
			buildPhases = (
				23B4248429D4BBF000805872 /* Sources */,
				23B4248529D4BBF000805872 /* Frameworks */,
				23B4248629D4BBF000805872 /* Resources */,
			);
			buildRules = (
			);
			dependencies = (
			);
			name = "Cleaner Test App";
			productName = "Cleaner Test App";
			productReference = 23B4248829D4BBF000805872 /* Cleaner Test App.app */;
			productType = "com.apple.product-type.application";
		};
/* End PBXNativeTarget section */

/* Begin PBXProject section */
		23B4248029D4BBF000805872 /* Project object */ = {
			isa = PBXProject;
			attributes = {
				BuildIndependentTargetsInParallel = 1;
				LastSwiftUpdateCheck = 1420;
				LastUpgradeCheck = 1420;
				TargetAttributes = {
					23B4248729D4BBF000805872 = {
						CreatedOnToolsVersion = 14.2;
					};
				};
			};
			buildConfigurationList = 23B4248329D4BBF000805872 /* Build configuration list for PBXProject "Cleaner Test App" */;
			compatibilityVersion = "Xcode 14.0";
			developmentRegion = en;
			hasScannedForEncodings = 0;
			knownRegions = (
				en,
				Base,
			);
			mainGroup = 23B4247F29D4BBF000805872;
			productRefGroup = 23B4248929D4BBF000805872 /* Products */;
			projectDirPath = "";
			projectRoot = "";
			targets = (
				23B4248729D4BBF000805872 /* Cleaner Test App */,
			);
		};
/* End PBXProject section */

/* Begin PBXResourcesBuildPhase section */
		23B4248629D4BBF000805872 /* Resources */ = {
			isa = PBXResourcesBuildPhase;
			buildActionMask = 2147483647;
			files = (
				23B424BD29D4DC3400805872 /* Roboto-Thin.ttf in Resources */,
				23B424B229D4DC3400805872 /* Roboto-Medium.ttf in Resources */,
				23B424B929D4DC3400805872 /* Roboto-Italic.ttf in Resources */,
				23B424BC29D4DC3400805872 /* Roboto-Bold.ttf in Resources */,
				23B424B829D4DC3400805872 /* Roboto-LightItalic.ttf in Resources */,
				23D6046729D503E100B165AC /* MemoryView.xib in Resources */,
				23B424BE29D4DC3400805872 /* Roboto-Black.ttf in Resources */,
				23B424BB29D4DC3400805872 /* Roboto-BlackItalic.ttf in Resources */,
				23B424B429D4DC3400805872 /* Roboto-Regular.ttf in Resources */,
				23A6C69129D841C800DE2380 /* ResultView.xib in Resources */,
				23B4249829D4BBF300805872 /* LaunchScreen.storyboard in Resources */,
				23B424BA29D4DC3400805872 /* LICENSE.txt in Resources */,
				23B424B329D4DC3400805872 /* Roboto-Light.ttf in Resources */,
				23B424B529D4DC3400805872 /* Roboto-MediumItalic.ttf in Resources */,
				23B424B629D4DC3400805872 /* Roboto-ThinItalic.ttf in Resources */,
				233150BD29D89FCD00BA22F1 /* Main.storyboard in Resources */,
				23B4249529D4BBF300805872 /* Assets.xcassets in Resources */,
				23B424B729D4DC3400805872 /* Roboto-BoldItalic.ttf in Resources */,
			);
			runOnlyForDeploymentPostprocessing = 0;
		};
/* End PBXResourcesBuildPhase section */

/* Begin PBXSourcesBuildPhase section */
		23B4248429D4BBF000805872 /* Sources */ = {
			isa = PBXSourcesBuildPhase;
			buildActionMask = 2147483647;
			files = (
				23B4249029D4BBF000805872 /* CleanerViewController.swift in Sources */,
				236D998F29D4FF30005964FE /* MemoryView.swift in Sources */,
				23B4248C29D4BBF000805872 /* AppDelegate.swift in Sources */,
				23B4248E29D4BBF000805872 /* SceneDelegate.swift in Sources */,
				23A6C69529D86DB700DE2380 /* BezierCurves.swift in Sources */,
				233150C029D8A5D100BA22F1 /* ResultView.swift in Sources */,
			);
			runOnlyForDeploymentPostprocessing = 0;
		};
/* End PBXSourcesBuildPhase section */

/* Begin PBXVariantGroup section */
		23B4249629D4BBF300805872 /* LaunchScreen.storyboard */ = {
			isa = PBXVariantGroup;
			children = (
				23B4249729D4BBF300805872 /* Base */,
			);
			name = LaunchScreen.storyboard;
			sourceTree = "<group>";
		};
/* End PBXVariantGroup section */

/* Begin XCBuildConfiguration section */
		23B4249A29D4BBF300805872 /* Debug */ = {
			isa = XCBuildConfiguration;
			buildSettings = {
				ALWAYS_SEARCH_USER_PATHS = NO;
				CLANG_ANALYZER_NONNULL = YES;
				CLANG_ANALYZER_NUMBER_OBJECT_CONVERSION = YES_AGGRESSIVE;
				CLANG_CXX_LANGUAGE_STANDARD = "gnu++20";
				CLANG_ENABLE_MODULES = YES;
				CLANG_ENABLE_OBJC_ARC = YES;
				CLANG_ENABLE_OBJC_WEAK = YES;
				CLANG_WARN_BLOCK_CAPTURE_AUTORELEASING = YES;
				CLANG_WARN_BOOL_CONVERSION = YES;
				CLANG_WARN_COMMA = YES;
				CLANG_WARN_CONSTANT_CONVERSION = YES;
				CLANG_WARN_DEPRECATED_OBJC_IMPLEMENTATIONS = YES;
				CLANG_WARN_DIRECT_OBJC_ISA_USAGE = YES_ERROR;
				CLANG_WARN_DOCUMENTATION_COMMENTS = YES;
				CLANG_WARN_EMPTY_BODY = YES;
				CLANG_WARN_ENUM_CONVERSION = YES;
				CLANG_WARN_INFINITE_RECURSION = YES;
				CLANG_WARN_INT_CONVERSION = YES;
				CLANG_WARN_NON_LITERAL_NULL_CONVERSION = YES;
				CLANG_WARN_OBJC_IMPLICIT_RETAIN_SELF = YES;
				CLANG_WARN_OBJC_LITERAL_CONVERSION = YES;
				CLANG_WARN_OBJC_ROOT_CLASS = YES_ERROR;
				CLANG_WARN_QUOTED_INCLUDE_IN_FRAMEWORK_HEADER = YES;
				CLANG_WARN_RANGE_LOOP_ANALYSIS = YES;
				CLANG_WARN_STRICT_PROTOTYPES = YES;
				CLANG_WARN_SUSPICIOUS_MOVE = YES;
				CLANG_WARN_UNGUARDED_AVAILABILITY = YES_AGGRESSIVE;
				CLANG_WARN_UNREACHABLE_CODE = YES;
				CLANG_WARN__DUPLICATE_METHOD_MATCH = YES;
				COPY_PHASE_STRIP = NO;
				DEBUG_INFORMATION_FORMAT = dwarf;
				ENABLE_STRICT_OBJC_MSGSEND = YES;
				ENABLE_TESTABILITY = YES;
				GCC_C_LANGUAGE_STANDARD = gnu11;
				GCC_DYNAMIC_NO_PIC = NO;
				GCC_NO_COMMON_BLOCKS = YES;
				GCC_OPTIMIZATION_LEVEL = 0;
				GCC_PREPROCESSOR_DEFINITIONS = (
					"DEBUG=1",
					"$(inherited)",
				);
				GCC_WARN_64_TO_32_BIT_CONVERSION = YES;
				GCC_WARN_ABOUT_RETURN_TYPE = YES_ERROR;
				GCC_WARN_UNDECLARED_SELECTOR = YES;
				GCC_WARN_UNINITIALIZED_AUTOS = YES_AGGRESSIVE;
				GCC_WARN_UNUSED_FUNCTION = YES;
				GCC_WARN_UNUSED_VARIABLE = YES;
				IPHONEOS_DEPLOYMENT_TARGET = 16.2;
				MTL_ENABLE_DEBUG_INFO = INCLUDE_SOURCE;
				MTL_FAST_MATH = YES;
				ONLY_ACTIVE_ARCH = YES;
				SDKROOT = iphoneos;
				SWIFT_ACTIVE_COMPILATION_CONDITIONS = DEBUG;
				SWIFT_OPTIMIZATION_LEVEL = "-Onone";
			};
			name = Debug;
		};
		23B4249B29D4BBF300805872 /* Release */ = {
			isa = XCBuildConfiguration;
			buildSettings = {
				ALWAYS_SEARCH_USER_PATHS = NO;
				CLANG_ANALYZER_NONNULL = YES;
				CLANG_ANALYZER_NUMBER_OBJECT_CONVERSION = YES_AGGRESSIVE;
				CLANG_CXX_LANGUAGE_STANDARD = "gnu++20";
				CLANG_ENABLE_MODULES = YES;
				CLANG_ENABLE_OBJC_ARC = YES;
				CLANG_ENABLE_OBJC_WEAK = YES;
				CLANG_WARN_BLOCK_CAPTURE_AUTORELEASING = YES;
				CLANG_WARN_BOOL_CONVERSION = YES;
				CLANG_WARN_COMMA = YES;
				CLANG_WARN_CONSTANT_CONVERSION = YES;
				CLANG_WARN_DEPRECATED_OBJC_IMPLEMENTATIONS = YES;
				CLANG_WARN_DIRECT_OBJC_ISA_USAGE = YES_ERROR;
				CLANG_WARN_DOCUMENTATION_COMMENTS = YES;
				CLANG_WARN_EMPTY_BODY = YES;
				CLANG_WARN_ENUM_CONVERSION = YES;
				CLANG_WARN_INFINITE_RECURSION = YES;
				CLANG_WARN_INT_CONVERSION = YES;
				CLANG_WARN_NON_LITERAL_NULL_CONVERSION = YES;
				CLANG_WARN_OBJC_IMPLICIT_RETAIN_SELF = YES;
				CLANG_WARN_OBJC_LITERAL_CONVERSION = YES;
				CLANG_WARN_OBJC_ROOT_CLASS = YES_ERROR;
				CLANG_WARN_QUOTED_INCLUDE_IN_FRAMEWORK_HEADER = YES;
				CLANG_WARN_RANGE_LOOP_ANALYSIS = YES;
				CLANG_WARN_STRICT_PROTOTYPES = YES;
				CLANG_WARN_SUSPICIOUS_MOVE = YES;
				CLANG_WARN_UNGUARDED_AVAILABILITY = YES_AGGRESSIVE;
				CLANG_WARN_UNREACHABLE_CODE = YES;
				CLANG_WARN__DUPLICATE_METHOD_MATCH = YES;
				COPY_PHASE_STRIP = NO;
				DEBUG_INFORMATION_FORMAT = "dwarf-with-dsym";
				ENABLE_NS_ASSERTIONS = NO;
				ENABLE_STRICT_OBJC_MSGSEND = YES;
				GCC_C_LANGUAGE_STANDARD = gnu11;
				GCC_NO_COMMON_BLOCKS = YES;
				GCC_WARN_64_TO_32_BIT_CONVERSION = YES;
				GCC_WARN_ABOUT_RETURN_TYPE = YES_ERROR;
				GCC_WARN_UNDECLARED_SELECTOR = YES;
				GCC_WARN_UNINITIALIZED_AUTOS = YES_AGGRESSIVE;
				GCC_WARN_UNUSED_FUNCTION = YES;
				GCC_WARN_UNUSED_VARIABLE = YES;
				IPHONEOS_DEPLOYMENT_TARGET = 16.2;
				MTL_ENABLE_DEBUG_INFO = NO;
				MTL_FAST_MATH = YES;
				SDKROOT = iphoneos;
				SWIFT_COMPILATION_MODE = wholemodule;
				SWIFT_OPTIMIZATION_LEVEL = "-O";
				VALIDATE_PRODUCT = YES;
			};
			name = Release;
		};
		23B4249D29D4BBF300805872 /* Debug */ = {
			isa = XCBuildConfiguration;
			buildSettings = {
				ASSETCATALOG_COMPILER_APPICON_NAME = AppIcon;
				ASSETCATALOG_COMPILER_GLOBAL_ACCENT_COLOR_NAME = AccentColor;
				CODE_SIGN_STYLE = Automatic;
				CURRENT_PROJECT_VERSION = 1;
				DEVELOPMENT_TEAM = 75DSYQ758V;
				GENERATE_INFOPLIST_FILE = YES;
				INFOPLIST_FILE = "Cleaner Test App/Info.plist";
				INFOPLIST_KEY_UIApplicationSupportsIndirectInputEvents = YES;
				INFOPLIST_KEY_UILaunchStoryboardName = LaunchScreen;
				INFOPLIST_KEY_UIMainStoryboardFile = Main;
				INFOPLIST_KEY_UISupportedInterfaceOrientations = UIInterfaceOrientationPortrait;
				INFOPLIST_KEY_UISupportedInterfaceOrientations_iPad = "UIInterfaceOrientationLandscapeLeft UIInterfaceOrientationLandscapeRight UIInterfaceOrientationPortrait UIInterfaceOrientationPortraitUpsideDown";
				IPHONEOS_DEPLOYMENT_TARGET = 16.0;
				LD_RUNPATH_SEARCH_PATHS = (
					"$(inherited)",
					"@executable_path/Frameworks",
				);
				MARKETING_VERSION = 1.0;
				PRODUCT_BUNDLE_IDENTIFIER = "ivanbehichev.-gmail.com.ivanbehichev.Cleaner-Test-App";
				PRODUCT_NAME = "$(TARGET_NAME)";
				SUPPORTED_PLATFORMS = "iphoneos iphonesimulator";
				SUPPORTS_MACCATALYST = NO;
				SUPPORTS_MAC_DESIGNED_FOR_IPHONE_IPAD = NO;
				SWIFT_EMIT_LOC_STRINGS = YES;
				SWIFT_VERSION = 5.0;
				TARGETED_DEVICE_FAMILY = 1;
			};
			name = Debug;
		};
		23B4249E29D4BBF300805872 /* Release */ = {
			isa = XCBuildConfiguration;
			buildSettings = {
				ASSETCATALOG_COMPILER_APPICON_NAME = AppIcon;
				ASSETCATALOG_COMPILER_GLOBAL_ACCENT_COLOR_NAME = AccentColor;
				CODE_SIGN_STYLE = Automatic;
				CURRENT_PROJECT_VERSION = 1;
				DEVELOPMENT_TEAM = 75DSYQ758V;
				GENERATE_INFOPLIST_FILE = YES;
				INFOPLIST_FILE = "Cleaner Test App/Info.plist";
				INFOPLIST_KEY_UIApplicationSupportsIndirectInputEvents = YES;
				INFOPLIST_KEY_UILaunchStoryboardName = LaunchScreen;
				INFOPLIST_KEY_UIMainStoryboardFile = Main;
				INFOPLIST_KEY_UISupportedInterfaceOrientations = UIInterfaceOrientationPortrait;
				INFOPLIST_KEY_UISupportedInterfaceOrientations_iPad = "UIInterfaceOrientationLandscapeLeft UIInterfaceOrientationLandscapeRight UIInterfaceOrientationPortrait UIInterfaceOrientationPortraitUpsideDown";
				IPHONEOS_DEPLOYMENT_TARGET = 16.0;
				LD_RUNPATH_SEARCH_PATHS = (
					"$(inherited)",
					"@executable_path/Frameworks",
				);
				MARKETING_VERSION = 1.0;
				PRODUCT_BUNDLE_IDENTIFIER = "ivanbehichev.-gmail.com.ivanbehichev.Cleaner-Test-App";
				PRODUCT_NAME = "$(TARGET_NAME)";
				SUPPORTED_PLATFORMS = "iphoneos iphonesimulator";
				SUPPORTS_MACCATALYST = NO;
				SUPPORTS_MAC_DESIGNED_FOR_IPHONE_IPAD = NO;
				SWIFT_EMIT_LOC_STRINGS = YES;
				SWIFT_VERSION = 5.0;
				TARGETED_DEVICE_FAMILY = 1;
			};
			name = Release;
		};
/* End XCBuildConfiguration section */

/* Begin XCConfigurationList section */
		23B4248329D4BBF000805872 /* Build configuration list for PBXProject "Cleaner Test App" */ = {
			isa = XCConfigurationList;
			buildConfigurations = (
				23B4249A29D4BBF300805872 /* Debug */,
				23B4249B29D4BBF300805872 /* Release */,
			);
			defaultConfigurationIsVisible = 0;
			defaultConfigurationName = Release;
		};
		23B4249C29D4BBF300805872 /* Build configuration list for PBXNativeTarget "Cleaner Test App" */ = {
			isa = XCConfigurationList;
			buildConfigurations = (
				23B4249D29D4BBF300805872 /* Debug */,
				23B4249E29D4BBF300805872 /* Release */,
			);
			defaultConfigurationIsVisible = 0;
			defaultConfigurationName = Release;
		};
/* End XCConfigurationList section */
	};
	rootObject = 23B4248029D4BBF000805872 /* Project object */;
}
